{
  "object": {
    "pins": [
      {
        "package": "NSLogger",
        "repositoryURL": "https://github.com/fpillet/NSLogger.git",
        "state": {
          "branch": null,
          "revision": "3408cce1ff97bef20f3dcf367a02019b5c51d198",
          "version": null
        }
      }
    ]
  },
  "version": 1
}
