// !$*UTF8*$!
{
	archiveVersion = 1;
	classes = {
	};
	objectVersion = 52;
	objects = {

/* Begin PBXBuildFile section */
		EFFC54F426943EEF0034BAE6 /* NSLoggerWorkaroundApp.swift in Sources */ = {isa = PBXBuildFile; fileRef = EFFC54F326943EEF0034BAE6 /* NSLoggerWorkaroundApp.swift */; };
		EFFC54F626943EEF0034BAE6 /* ContentView.swift in Sources */ = {isa = PBXBuildFile; fileRef = EFFC54F526943EEF0034BAE6 /* ContentView.swift */; };
		EFFC54F826943EF10034BAE6 /* Assets.xcassets in Resources */ = {isa = PBXBuildFile; fileRef = EFFC54F726943EF10034BAE6 /* Assets.xcassets */; };
		EFFC54FB26943EF10034BAE6 /* Preview Assets.xcassets in Resources */ = {isa = PBXBuildFile; fileRef = EFFC54FA26943EF10034BAE6 /* Preview Assets.xcassets */; };
		EFFC5517269441540034BAE6 /* NSLoggerWrapper in Frameworks */ = {isa = PBXBuildFile; productRef = EFFC5516269441540034BAE6 /* NSLoggerWrapper */; };
/* End PBXBuildFile section */

/* Begin PBXFileReference section */
		EFFC54F026943EEF0034BAE6 /* NSLoggerWorkaround.app */ = {isa = PBXFileReference; explicitFileType = wrapper.application; includeInIndex = 0; path = NSLoggerWorkaround.app; sourceTree = BUILT_PRODUCTS_DIR; };
		EFFC54F326943EEF0034BAE6 /* NSLoggerWorkaroundApp.swift */ = {isa = PBXFileReference; lastKnownFileType = sourcecode.swift; path = NSLoggerWorkaroundApp.swift; sourceTree = "<group>"; };
		EFFC54F526943EEF0034BAE6 /* ContentView.swift */ = {isa = PBXFileReference; lastKnownFileType = sourcecode.swift; path = ContentView.swift; sourceTree = "<group>"; };
		EFFC54F726943EF10034BAE6 /* Assets.xcassets */ = {isa = PBXFileReference; lastKnownFileType = folder.assetcatalog; path = Assets.xcassets; sourceTree = "<group>"; };
		EFFC54FA26943EF10034BAE6 /* Preview Assets.xcassets */ = {isa = PBXFileReference; lastKnownFileType = folder.assetcatalog; path = "Preview Assets.xcassets"; sourceTree = "<group>"; };
		EFFC54FC26943EF10034BAE6 /* Info.plist */ = {isa = PBXFileReference; lastKnownFileType = text.plist.xml; path = Info.plist; sourceTree = "<group>"; };
		EFFC551226943F930034BAE6 /* NSLoggerWrapper */ = {isa = PBXFileReference; lastKnownFileType = folder; path = NSLoggerWrapper; sourceTree = "<group>"; };
/* End PBXFileReference section */

/* Begin PBXFrameworksBuildPhase section */
		EFFC54ED26943EEF0034BAE6 /* Frameworks */ = {
			isa = PBXFrameworksBuildPhase;
			buildActionMask = 2147483647;
			files = (
				EFFC5517269441540034BAE6 /* NSLoggerWrapper in Frameworks */,
			);
			runOnlyForDeploymentPostprocessing = 0;
		};
/* End PBXFrameworksBuildPhase section */

/* Begin PBXGroup section */
		EFFC54E726943EEF0034BAE6 = {
			isa = PBXGroup;
			children = (
				EFFC550226943F880034BAE6 /* Packages */,
				EFFC54F226943EEF0034BAE6 /* NSLoggerWorkaround */,
				EFFC54F126943EEF0034BAE6 /* Products */,
				EFFC5515269441540034BAE6 /* Frameworks */,
			);
			sourceTree = "<group>";
		};
		EFFC54F126943EEF0034BAE6 /* Products */ = {
			isa = PBXGroup;
			children = (
				EFFC54F026943EEF0034BAE6 /* NSLoggerWorkaround.app */,
			);
			name = Products;
			sourceTree = "<group>";
		};
		EFFC54F226943EEF0034BAE6 /* NSLoggerWorkaround */ = {
			isa = PBXGroup;
			children = (
				EFFC54F326943EEF0034BAE6 /* NSLoggerWorkaroundApp.swift */,
				EFFC54F526943EEF0034BAE6 /* ContentView.swift */,
				EFFC54F726943EF10034BAE6 /* Assets.xcassets */,
				EFFC54FC26943EF10034BAE6 /* Info.plist */,
				EFFC54F926943EF10034BAE6 /* Preview Content */,
			);
			path = NSLoggerWorkaround;
			sourceTree = "<group>";
		};
		EFFC54F926943EF10034BAE6 /* Preview Content */ = {
			isa = PBXGroup;
			children = (
				EFFC54FA26943EF10034BAE6 /* Preview Assets.xcassets */,
			);
			path = "Preview Content";
			sourceTree = "<group>";
		};
		EFFC550226943F880034BAE6 /* Packages */ = {
			isa = PBXGroup;
			children = (
				EFFC551226943F930034BAE6 /* NSLoggerWrapper */,
			);
			path = Packages;
			sourceTree = "<group>";
		};
		EFFC5515269441540034BAE6 /* Frameworks */ = {
			isa = PBXGroup;
			children = (
			);
			name = Frameworks;
			sourceTree = "<group>";
		};
/* End PBXGroup section */

/* Begin PBXNativeTarget section */
		EFFC54EF26943EEF0034BAE6 /* NSLoggerWorkaround */ = {
			isa = PBXNativeTarget;
			buildConfigurationList = EFFC54FF26943EF10034BAE6 /* Build configuration list for PBXNativeTarget "NSLoggerWorkaround" */;
			buildPhases = (
				EFFC54EC26943EEF0034BAE6 /* Sources */,
				EFFC54ED26943EEF0034BAE6 /* Frameworks */,
				EFFC54EE26943EEF0034BAE6 /* Resources */,
			);
			buildRules = (
			);
			dependencies = (
				EFFC55142694411D0034BAE6 /* PBXTargetDependency */,
			);
			name = NSLoggerWorkaround;
			packageProductDependencies = (
				EFFC5516269441540034BAE6 /* NSLoggerWrapper */,
			);
			productName = NSLoggerWorkaround;
			productReference = EFFC54F026943EEF0034BAE6 /* NSLoggerWorkaround.app */;
			productType = "com.apple.product-type.application";
		};
/* End PBXNativeTarget section */

/* Begin PBXProject section */
		EFFC54E826943EEF0034BAE6 /* Project object */ = {
			isa = PBXProject;
			attributes = {
				LastSwiftUpdateCheck = 1250;
				LastUpgradeCheck = 1250;
				TargetAttributes = {
					EFFC54EF26943EEF0034BAE6 = {
						CreatedOnToolsVersion = 12.5;
					};
				};
			};
			buildConfigurationList = EFFC54EB26943EEF0034BAE6 /* Build configuration list for PBXProject "NSLoggerWorkaround" */;
			compatibilityVersion = "Xcode 9.3";
			developmentRegion = en;
			hasScannedForEncodings = 0;
			knownRegions = (
				en,
				Base,
			);
			mainGroup = EFFC54E726943EEF0034BAE6;
			productRefGroup = EFFC54F126943EEF0034BAE6 /* Products */;
			projectDirPath = "";
			projectRoot = "";
			targets = (
				EFFC54EF26943EEF0034BAE6 /* NSLoggerWorkaround */,
			);
		};
/* End PBXProject section */

/* Begin PBXResourcesBuildPhase section */
		EFFC54EE26943EEF0034BAE6 /* Resources */ = {
			isa = PBXResourcesBuildPhase;
			buildActionMask = 2147483647;
			files = (
				EFFC54FB26943EF10034BAE6 /* Preview Assets.xcassets in Resources */,
				EFFC54F826943EF10034BAE6 /* Assets.xcassets in Resources */,
			);
			runOnlyForDeploymentPostprocessing = 0;
		};
/* End PBXResourcesBuildPhase section */

/* Begin PBXSourcesBuildPhase section */
		EFFC54EC26943EEF0034BAE6 /* Sources */ = {
			isa = PBXSourcesBuildPhase;
			buildActionMask = 2147483647;
			files = (
				EFFC54F626943EEF0034BAE6 /* ContentView.swift in Sources */,
				EFFC54F426943EEF0034BAE6 /* NSLoggerWorkaroundApp.swift in Sources */,
			);
			runOnlyForDeploymentPostprocessing = 0;
		};
/* End PBXSourcesBuildPhase section */

/* Begin PBXTargetDependency section */
		EFFC55142694411D0034BAE6 /* PBXTargetDependency */ = {
			isa = PBXTargetDependency;
			productRef = EFFC55132694411D0034BAE6 /* NSLoggerWrapper */;
		};
/* End PBXTargetDependency section */

/* Begin XCBuildConfiguration section */
		EFFC54FD26943EF10034BAE6 /* Debug */ = {
			isa = XCBuildConfiguration;
			buildSettings = {
				ALWAYS_SEARCH_USER_PATHS = NO;
				CLANG_ANALYZER_NONNULL = YES;
				CLANG_ANALYZER_NUMBER_OBJECT_CONVERSION = YES_AGGRESSIVE;
				CLANG_CXX_LANGUAGE_STANDARD = "gnu++14";
				CLANG_CXX_LIBRARY = "libc++";
				CLANG_ENABLE_MODULES = YES;
				CLANG_ENABLE_OBJC_ARC = YES;
				CLANG_ENABLE_OBJC_WEAK = YES;
				CLANG_WARN_BLOCK_CAPTURE_AUTORELEASING = YES;
				CLANG_WARN_BOOL_CONVERSION = YES;
				CLANG_WARN_COMMA = YES;
				CLANG_WARN_CONSTANT_CONVERSION = YES;
				CLANG_WARN_DEPRECATED_OBJC_IMPLEMENTATIONS = YES;
				CLANG_WARN_DIRECT_OBJC_ISA_USAGE = YES_ERROR;
				CLANG_WARN_DOCUMENTATION_COMMENTS = YES;
				CLANG_WARN_EMPTY_BODY = YES;
				CLANG_WARN_ENUM_CONVERSION = YES;
				CLANG_WARN_INFINITE_RECURSION = YES;
				CLANG_WARN_INT_CONVERSION = YES;
				CLANG_WARN_NON_LITERAL_NULL_CONVERSION = YES;
				CLANG_WARN_OBJC_IMPLICIT_RETAIN_SELF = YES;
				CLANG_WARN_OBJC_LITERAL_CONVERSION = YES;
				CLANG_WARN_OBJC_ROOT_CLASS = YES_ERROR;
				CLANG_WARN_QUOTED_INCLUDE_IN_FRAMEWORK_HEADER = YES;
				CLANG_WARN_RANGE_LOOP_ANALYSIS = YES;
				CLANG_WARN_STRICT_PROTOTYPES = YES;
				CLANG_WARN_SUSPICIOUS_MOVE = YES;
				CLANG_WARN_UNGUARDED_AVAILABILITY = YES_AGGRESSIVE;
				CLANG_WARN_UNREACHABLE_CODE = YES;
				CLANG_WARN__DUPLICATE_METHOD_MATCH = YES;
				COPY_PHASE_STRIP = NO;
				DEBUG_INFORMATION_FORMAT = dwarf;
				ENABLE_STRICT_OBJC_MSGSEND = YES;
				ENABLE_TESTABILITY = YES;
				GCC_C_LANGUAGE_STANDARD = gnu11;
				GCC_DYNAMIC_NO_PIC = NO;
				GCC_NO_COMMON_BLOCKS = YES;
				GCC_OPTIMIZATION_LEVEL = 0;
				GCC_PREPROCESSOR_DEFINITIONS = (
					"DEBUG=1",
					"$(inherited)",
				);
				GCC_WARN_64_TO_32_BIT_CONVERSION = YES;
				GCC_WARN_ABOUT_RETURN_TYPE = YES_ERROR;
				GCC_WARN_UNDECLARED_SELECTOR = YES;
				GCC_WARN_UNINITIALIZED_AUTOS = YES_AGGRESSIVE;
				GCC_WARN_UNUSED_FUNCTION = YES;
				GCC_WARN_UNUSED_VARIABLE = YES;
				IPHONEOS_DEPLOYMENT_TARGET = 14.5;
				MTL_ENABLE_DEBUG_INFO = INCLUDE_SOURCE;
				MTL_FAST_MATH = YES;
				ONLY_ACTIVE_ARCH = YES;
				SDKROOT = iphoneos;
				SWIFT_ACTIVE_COMPILATION_CONDITIONS = DEBUG;
				SWIFT_OPTIMIZATION_LEVEL = "-Onone";
			};
			name = Debug;
		};
		EFFC54FE26943EF10034BAE6 /* Release */ = {
			isa = XCBuildConfiguration;
			buildSettings = {
				ALWAYS_SEARCH_USER_PATHS = NO;
				CLANG_ANALYZER_NONNULL = YES;
				CLANG_ANALYZER_NUMBER_OBJECT_CONVERSION = YES_AGGRESSIVE;
				CLANG_CXX_LANGUAGE_STANDARD = "gnu++14";
				CLANG_CXX_LIBRARY = "libc++";
				CLANG_ENABLE_MODULES = YES;
				CLANG_ENABLE_OBJC_ARC = YES;
				CLANG_ENABLE_OBJC_WEAK = YES;
				CLANG_WARN_BLOCK_CAPTURE_AUTORELEASING = YES;
				CLANG_WARN_BOOL_CONVERSION = YES;
				CLANG_WARN_COMMA = YES;
				CLANG_WARN_CONSTANT_CONVERSION = YES;
				CLANG_WARN_DEPRECATED_OBJC_IMPLEMENTATIONS = YES;
				CLANG_WARN_DIRECT_OBJC_ISA_USAGE = YES_ERROR;
				CLANG_WARN_DOCUMENTATION_COMMENTS = YES;
				CLANG_WARN_EMPTY_BODY = YES;
				CLANG_WARN_ENUM_CONVERSION = YES;
				CLANG_WARN_INFINITE_RECURSION = YES;
				CLANG_WARN_INT_CONVERSION = YES;
				CLANG_WARN_NON_LITERAL_NULL_CONVERSION = YES;
				CLANG_WARN_OBJC_IMPLICIT_RETAIN_SELF = YES;
				CLANG_WARN_OBJC_LITERAL_CONVERSION = YES;
				CLANG_WARN_OBJC_ROOT_CLASS = YES_ERROR;
				CLANG_WARN_QUOTED_INCLUDE_IN_FRAMEWORK_HEADER = YES;
				CLANG_WARN_RANGE_LOOP_ANALYSIS = YES;
				CLANG_WARN_STRICT_PROTOTYPES = YES;
				CLANG_WARN_SUSPICIOUS_MOVE = YES;
				CLANG_WARN_UNGUARDED_AVAILABILITY = YES_AGGRESSIVE;
				CLANG_WARN_UNREACHABLE_CODE = YES;
				CLANG_WARN__DUPLICATE_METHOD_MATCH = YES;
				COPY_PHASE_STRIP = NO;
				DEBUG_INFORMATION_FORMAT = "dwarf-with-dsym";
				ENABLE_NS_ASSERTIONS = NO;
				ENABLE_STRICT_OBJC_MSGSEND = YES;
				GCC_C_LANGUAGE_STANDARD = gnu11;
				GCC_NO_COMMON_BLOCKS = YES;
				GCC_WARN_64_TO_32_BIT_CONVERSION = YES;
				GCC_WARN_ABOUT_RETURN_TYPE = YES_ERROR;
				GCC_WARN_UNDECLARED_SELECTOR = YES;
				GCC_WARN_UNINITIALIZED_AUTOS = YES_AGGRESSIVE;
				GCC_WARN_UNUSED_FUNCTION = YES;
				GCC_WARN_UNUSED_VARIABLE = YES;
				IPHONEOS_DEPLOYMENT_TARGET = 14.5;
				MTL_ENABLE_DEBUG_INFO = NO;
				MTL_FAST_MATH = YES;
				SDKROOT = iphoneos;
				SWIFT_COMPILATION_MODE = wholemodule;
				SWIFT_OPTIMIZATION_LEVEL = "-O";
				VALIDATE_PRODUCT = YES;
			};
			name = Release;
		};
		EFFC550026943EF10034BAE6 /* Debug */ = {
			isa = XCBuildConfiguration;
			buildSettings = {
				ASSETCATALOG_COMPILER_APPICON_NAME = AppIcon;
				ASSETCATALOG_COMPILER_GLOBAL_ACCENT_COLOR_NAME = AccentColor;
				CODE_SIGN_STYLE = Automatic;
				DEVELOPMENT_ASSET_PATHS = "\"NSLoggerWorkaround/Preview Content\"";
				DEVELOPMENT_TEAM = S4F4QT544A;
				ENABLE_PREVIEWS = YES;
				INFOPLIST_FILE = NSLoggerWorkaround/Info.plist;
				IPHONEOS_DEPLOYMENT_TARGET = 14.0;
				LD_RUNPATH_SEARCH_PATHS = (
					"$(inherited)",
					"@executable_path/Frameworks",
				);
				PRODUCT_BUNDLE_IDENTIFIER = test.whatever.NSLoggerWorkaround;
				PRODUCT_NAME = "$(TARGET_NAME)";
				SWIFT_VERSION = 5.0;
				TARGETED_DEVICE_FAMILY = "1,2";
			};
			name = Debug;
		};
		EFFC550126943EF10034BAE6 /* Release */ = {
			isa = XCBuildConfiguration;
			buildSettings = {
				ASSETCATALOG_COMPILER_APPICON_NAME = AppIcon;
				ASSETCATALOG_COMPILER_GLOBAL_ACCENT_COLOR_NAME = AccentColor;
				CODE_SIGN_STYLE = Automatic;
				DEVELOPMENT_ASSET_PATHS = "\"NSLoggerWorkaround/Preview Content\"";
				DEVELOPMENT_TEAM = S4F4QT544A;
				ENABLE_PREVIEWS = YES;
				INFOPLIST_FILE = NSLoggerWorkaround/Info.plist;
				IPHONEOS_DEPLOYMENT_TARGET = 14.0;
				LD_RUNPATH_SEARCH_PATHS = (
					"$(inherited)",
					"@executable_path/Frameworks",
				);
				PRODUCT_BUNDLE_IDENTIFIER = test.whatever.NSLoggerWorkaround;
				PRODUCT_NAME = "$(TARGET_NAME)";
				SWIFT_VERSION = 5.0;
				TARGETED_DEVICE_FAMILY = "1,2";
			};
			name = Release;
		};
/* End XCBuildConfiguration section */

/* Begin XCConfigurationList section */
		EFFC54EB26943EEF0034BAE6 /* Build configuration list for PBXProject "NSLoggerWorkaround" */ = {
			isa = XCConfigurationList;
			buildConfigurations = (
				EFFC54FD26943EF10034BAE6 /* Debug */,
				EFFC54FE26943EF10034BAE6 /* Release */,
			);
			defaultConfigurationIsVisible = 0;
			defaultConfigurationName = Release;
		};
		EFFC54FF26943EF10034BAE6 /* Build configuration list for PBXNativeTarget "NSLoggerWorkaround" */ = {
			isa = XCConfigurationList;
			buildConfigurations = (
				EFFC550026943EF10034BAE6 /* Debug */,
				EFFC550126943EF10034BAE6 /* Release */,
			);
			defaultConfigurationIsVisible = 0;
			defaultConfigurationName = Release;
		};
/* End XCConfigurationList section */

/* Begin XCSwiftPackageProductDependency section */
		EFFC55132694411D0034BAE6 /* NSLoggerWrapper */ = {
			isa = XCSwiftPackageProductDependency;
			productName = NSLoggerWrapper;
		};
		EFFC5516269441540034BAE6 /* NSLoggerWrapper */ = {
			isa = XCSwiftPackageProductDependency;
			productName = NSLoggerWrapper;
		};
/* End XCSwiftPackageProductDependency section */
	};
	rootObject = EFFC54E826943EEF0034BAE6 /* Project object */;
}
